
Microsoft Visual Studio Solution File, Format Version 12.00
# Visual Studio Version 17
VisualStudioVersion = 17.11.35312.102
MinimumVisualStudioVersion = 10.0.40219.1
Project("{FAE04EC0-301F-11D3-BF4B-00C04F79EFBC}") = "denedikkambirbac", "denedikkambirbac.csproj", "{AA81C892-31CB-490B-9B71-134571A87C21}"
EndProject
Global
	GlobalSection(SolutionConfigurationPlatforms) = preSolution
		Debug|Any CPU = Debug|Any CPU
		Release|Any CPU = Release|Any CPU
	EndGlobalSection
	GlobalSection(ProjectConfigurationPlatforms) = postSolution
		{AA81C892-31CB-490B-9B71-134571A87C21}.Debug|Any CPU.ActiveCfg = Debug|Any CPU
		{AA81C892-31CB-490B-9B71-134571A87C21}.Debug|Any CPU.Build.0 = Debug|Any CPU
		{AA81C892-31CB-490B-9B71-134571A87C21}.Release|Any CPU.ActiveCfg = Release|Any CPU
		{AA81C892-31CB-490B-9B71-134571A87C21}.Release|Any CPU.Build.0 = Release|Any CPU
	EndGlobalSection
	GlobalSection(SolutionProperties) = preSolution
		HideSolutionNode = FALSE
	EndGlobalSection
	GlobalSection(ExtensibilityGlobals) = postSolution
		SolutionGuid = {044AB8A3-67FE-4B80-B283-B068FC97F69A}
	EndGlobalSection
EndGlobal
